
Microsoft Visual Studio Solution File, Format Version 12.00
# Visual Studio 15
VisualStudioVersion = 15.0.28010.2041
MinimumVisualStudioVersion = 10.0.40219.1
Project("{FAE04EC0-301F-11D3-BF4B-00C04F79EFBC}") = "CoreApp", "CoreApp\CoreApp.csproj", "{4C8B20B9-E31C-4C24-A26E-600310A8F77B}"
EndProject
Global
	GlobalSection(SolutionConfigurationPlatforms) = preSolution
		Debug|Any CPU = Debug|Any CPU
		Release|Any CPU = Release|Any CPU
	EndGlobalSection
	GlobalSection(ProjectConfigurationPlatforms) = postSolution
		{4C8B20B9-E31C-4C24-A26E-600310A8F77B}.Debug|Any CPU.ActiveCfg = Debug|Any CPU
		{4C8B20B9-E31C-4C24-A26E-600310A8F77B}.Debug|Any CPU.Build.0 = Debug|Any CPU
		{4C8B20B9-E31C-4C24-A26E-600310A8F77B}.Release|Any CPU.ActiveCfg = Release|Any CPU
		{4C8B20B9-E31C-4C24-A26E-600310A8F77B}.Release|Any CPU.Build.0 = Release|Any CPU
	EndGlobalSection
	GlobalSection(SolutionProperties) = preSolution
		HideSolutionNode = FALSE
	EndGlobalSection
	GlobalSection(ExtensibilityGlobals) = postSolution
		SolutionGuid = {33DA9471-90CC-41B4-8ED3-0AE3B60B0C4B}
	EndGlobalSection
EndGlobal
